github.com/beorn7/perks v1.0.1 h1:VlbKKnNfV8bJzeqoa4cOKqO6bYr3WgKZxO8Z16+hsOM=
github.com/beorn7/perks v1.0.1/go.mod h1:G2ZrVWU2WbWT9wwq4/hrbKbnv/1ERSJQ0ibhJ6rlkpw=
github.com/cespare/xxhash/v2 v2.3.0 h1:UL815xU9SqsFlibzuggzjXhog7bL6oX9BbNZnL2UFvs=
github.com/cespare/xxhash/v2 v2.3.0/go.mod h1:VGX0DQ3Q6kWi7AoAeZDth3/j3BFtOZR5XLFGgcrjCOs=
github.com/creack/pty v1.1.9/go.mod h1:oKZEueFk5CKHvIhNR5MUki03XCEU+Q6VDXinZuGJ33E=
github.com/go-jose/go-jose/v4 v4.1.4 h1:moDMcTHmvE6Groj34emNPLs/qtYXRVcd6S7NHbHz3kA=
github.com/go-jose/go-jose/v4 v4.1.4/go.mod h1:x4oUasVrzR7071A4TnHLGSPpNOm2a21K9Kf04k1rs08=
github.com/go-jose/go-jose/v4 v4.1.5 h1:RjgjO2LOtWOJKUC5wpwY9LR3B3vwVAz6JS2YHfYU6eA=
github.com/go-jose/go-jose/v4 v4.1.5/go.mod h1:x4oUasVrzR7071A4TnHLGSPpNOm2a21K9Kf04k1rs08=
github.com/golang-jwt/jwt/v5 v5.3.1 h1:kYf81DTWFe7t+1VvL7eS+jKFVWaUnK9cB1qbwn63YCY=
github.com/golang-jwt/jwt/v5 v5.3.1/go.mod h1:fxCRLWMO43lRc8nhHWY6LGqRcf+1gQWArsqaEUEa5bE=
github.com/google/go-cmp v0.7.0 h1:wk8382ETsv4JYUZwIsn6YpYiWiBsYLSJiTsyBybVuN8=
github.com/google/go-cmp v0.7.0/go.mod h1:pXiqmnSA92OHEEa9HXL2W4E7lf9JzCmGVUdgjX3N/iU=
github.com/google/uuid v1.6.0 h1:NIvaJDMOsjHA8n1jAhLSgzrAzy1Hgr+hNrb57e+94F0=
github.com/google/uuid v1.6.0/go.mod h1:TIyPZe4MgqvfeYDBFedMoGGpEw/LqOeaOT+nhxU+yHo=
github.com/jpillora/backoff v1.0.0 h1:uvFg412JmmHBHw7iwprIxkPMI+sGQ4kzOWsMeHnm2EA=
github.com/jpillora/backoff v1.0.0/go.mod h1:J/6gKK9jxlEcS3zixgDgUAsiuZ7yrSoa/FX5e0EB2j4=
github.com/kr/pretty v0.3.1 h1:flRD4NNwYAUpkphVc1HcthR4KEIFJ65n8Mw5qdRn3LE=
github.com/kr/pretty v0.3.1/go.mod h1:hoEshYVHaxMs3cyo3Yncou5ZscifuDolrwPKZanG3xk=
github.com/kr/text v0.2.0 h1:5Nx0Ya0ZqY2ygV366QzturHI13Jq95ApcVaJBhpS+AY=
github.com/kr/text v0.2.0/go.mod h1:eLer722TekiGuMkidMxC/pM04lWEeraHUUmBw8l2grE=
github.com/muhlemmer/gu v0.3.1 h1:7EAqmFrW7n3hETvuAdmFmn4hS8W+z3LgKtrnow+YzNM=
github.com/muhlemmer/gu v0.3.1/go.mod h1:YHtHR+gxM+bKEIIs7Hmi9sPT3ZDUvTN/i88wQpZkrdM=
github.com/munnerz/goautoneg v0.0.0-20191010083416-a7dc8b61c822 h1:C3w9PqII01/Oq1c1nUAm88MOHcQC9l5mIlSMApZMrHA=
github.com/munnerz/goautoneg v0.0.0-20191010083416-a7dc8b61c822/go.mod h1:+n7T8mK8HuQTcFwEeznm/DIxMOiR9yIdICNftLE1DvQ=
github.com/mwitkow/go-conntrack v0.0.0-20190716064945-2f068394615f h1:KUppIJq7/+SVif2QVs3tOP0zanoHgBEVAwHxUSIzRqU=
github.com/mwitkow/go-conntrack v0.0.0-20190716064945-2f068394615f/go.mod h1:qRWi+5nqEBWmkhHvq77mSJWrCKwh8bxhgT7d/eI7P4U=
github.com/nexucis/lamenv v0.5.2 h1:tK/u3XGhCq9qIoVNcXsK9LZb8fKopm0A5weqSRvHd7M=
github.com/nexucis/lamenv v0.5.2/go.mod h1:HusJm6ltmmT7FMG8A750mOLuME6SHCsr2iFYxp5fFi0=
github.com/perses/common v0.31.2 h1:klsl0KfWn6wVVG4rDJvsTvFO8Owf5ed4nj2VjbQST60=
github.com/perses/common v0.31.2/go.mod h1:KgLB0ojBFzg93UwTNK8uAE1yuGexBiwqHiAvTFcHRDI=
github.com/perses/perses v0.54.0 h1:zfq0wkyjRPs1Em76PdTfWyzdPZKGyJDzo7QqxiBTkz0=
github.com/perses/perses v0.54.0/go.mod h1:Xq5Tv7gDdsx2sqph5Gbvx1GCym5un6GgjoOaDKhe9Qw=
github.com/perses/perses v0.55.0-beta.3.0.20261006163335-153b920a7f0f h1:8YnYP8oVgRbag9FcDcTIMOEAXdOqeEnMvO+rbPCL554=
github.com/perses/perses v0.55.0-beta.3.0.20261006163335-153b920a7f0f/go.mod h1:TTJ+l4AB/5h4htfy/aEDzICv1mYgSfmavpHKCT31lmw=
github.com/perses/perses v0.55.0-beta.3.0.20261007092956-ddff411f6a10 h1:a/+D1uuqPQt4o8aG+G9JFZFjtYiKwbb1OJ6KdyYkH1c=
github.com/perses/perses v0.55.0-beta.3.0.20261007092956-ddff411f6a10/go.mod h1:TTJ+l4AB/5h4htfy/aEDzICv1mYgSfmavpHKCT31lmw=
github.com/perses/perses v0.55.0-beta.4 h1:ty/Avk+RUHaNlbcDKqcEjSV94GqqoXjPpzbdAZq+frk=
github.com/perses/perses v0.55.0-beta.4/go.mod h1:l+QYn+7oGQ845ygaHIvS2PWcauDy8gaY1uST1Rexcjg=
github.com/perses/plugins/barchart v0.13.0 h1:xLKY+GVLtq791Ni4Dhps9FrKhB1cygmpOzRexZMF/Nw=
github.com/perses/plugins/barchart v0.13.0/go.mod h1:XKBnIg4Qs1hJiCcEahwfSDZWFpx++h9cQqmdvST6WUk=
github.com/perses/plugins/barchart v0.14.0-beta.7 h1:kUsAknElxYSvDNnNlrcy9fvZA+Z+fvHjCmJPFeixsZs=
github.com/perses/plugins/barchart v0.14.0-beta.7/go.mod h1:6W/w+iJLx5F7ymI90z4fnlr8CeAFA81r1T8VEtxYN44=
github.com/perses/plugins/barchart v0.14.0-beta.7.0.20261007133836-f6cad5797c91 h1:E0tmMZzw+Vkf1DZ1aKgCPufV0yrR6LRRl2vZdWc0Wo4=
github.com/perses/plugins/barchart v0.14.0-beta.7.0.20261007133836-f6cad5797c91/go.mod h1:PMCvMtc9cYVb1Wp/zKh1vS5cZstfNIlfj1G49Aox3eA=
github.com/perses/plugins/datasourcevariable v0.6.0 h1:E1JWkIAKE8LAjgp6RkegggP+G5UZWNdmOE3M9E9g7eo=
github.com/perses/plugins/datasourcevariable v0.6.0/go.mod h1:Til8BVwgCMvmLZJtmqUztFQBFKHpDr3NFziVPCUV+nE=
github.com/perses/plugins/datasourcevariable v0.7.0-beta.6 h1:nNFRA8oDoegUsaSESimcMBOIki5u5G4dA6ZtKevaMkI=
github.com/perses/plugins/datasourcevariable v0.7.0-beta.6/go.mod h1:UkPnqv3WTmRxcfUhsdq6aprbjWN3R5DDSmW5x8ZK0+U=
github.com/perses/plugins/datasourcevariable v0.7.0-beta.7/go.mod h1:tneoEf5cxZTukFXSHX9EqkNrzwNkzx2YNOVEgdvsm9Y=
github.com/perses/plugins/datasourcevariable v0.7.0-beta.7.0.20261007133836-f6cad5797c91 h1:iQHbT1DmUdsan+7aerbCX4Xk4Tg9XYZ4zBiskBufV28=
github.com/perses/plugins/datasourcevariable v0.7.0-beta.7.0.20261007133836-f6cad5797c91/go.mod h1:oVkB0eZyPCD81me29bUur+dZj+6XkyhHeCy2JMF/ESk=
github.com/perses/plugins/prometheus v0.58.0 h1:9bJYloepRXUcFzPf30/bt6jU8Nj4CCPKNWPtOW8gvM4=
github.com/perses/plugins/prometheus v0.58.0/go.mod h1:oBDxlUgQvrSRVPqFIG8+nMLDticPrUdrj8y0YnZDyp0=
github.com/perses/plugins/prometheus v0.59.0-beta.7.0.20261007133836-f6cad5797c91 h1:eXMBrYijrkTBfc7um889YJPx9nBA7PFmb1jgehoi+tY=
github.com/perses/plugins/prometheus v0.59.0-beta.7.0.20261007133836-f6cad5797c91/go.mod h1:5wkPHq3i3lN7sxUwGxaIRkVciSpms1/TefC5FkjuDNo=
github.com/perses/plugins/statchart v0.14.0 h1:bWslzNIWFWRot1PbdqqLUipH8R0HFsxGV+8CJKRhXJ8=
github.com/perses/plugins/statchart v0.14.0/go.mod h1:649KZzassftnCgWr3aWnhw2tRfIxI/Sz0SfKJAld5G4=
github.com/perses/plugins/statchart v0.15.0-beta.7 h1:8vEWtXKT+U4iwvftoMyY/YoWRui/yrBzRHLXsitzHVU=
github.com/perses/plugins/statchart v0.15.0-beta.7/go.mod h1:qaqUt90wBWa7YLRLkqO57tbc67h2yM0ylf9KQb+4zfw=
github.com/perses/plugins/statchart v0.15.0-beta.7.0.20261007133836-f6cad5797c91 h1:KAr11/gs3JpK5luXnGc3Z8T5gO+LpOhhrsy1jlIWSfI=
github.com/perses/plugins/statchart v0.15.0-beta.7.0.20261007133836-f6cad5797c91/go.mod h1:KkTsdv6MhcH78bQX0UgugpaRGtgmbVzvhBtQp/SxsD0=
github.com/perses/plugins/table v0.13.0 h1:lEBts7k2qsvZ9bw3zyYSPx/+K0E4aUZPw5OPEwVV/KI=
github.com/perses/plugins/table v0.13.0/go.mod h1:Se/GGhYWbisqgNUFDK9Ik58MSn9Hst6oTUMZNVK7aEM=
github.com/perses/plugins/table v0.14.0-beta.7.0.20261007133836-f6cad5797c91 h1:MTY5PTnoPO8bxYOQCHygnvi6oUXcJInMu6bvYq+X3Yo=
github.com/perses/plugins/table v0.14.0-beta.7.0.20261007133836-f6cad5797c91/go.mod h1:qyvFQ53YR8jBx9klk9F1cqOAyP969DyXKYmMf8nkynQ=
github.com/perses/plugins/timeserieschart v0.13.0 h1:FQqAAqXyaLsoLeZocoh0mhIj9GASXxqbHDC8h6DNqTU=
github.com/perses/plugins/timeserieschart v0.13.0/go.mod h1:nfSKLYdmxVEUgkHUzcBFzGpymr3f7BA6ivCH9xXG9co=
github.com/perses/plugins/timeserieschart v0.14.0-beta.8 h1:Huju9Tt58tBOI8kAZsPfJE3ZjaefIIrOgFRiYZN3PT8=
github.com/perses/plugins/timeserieschart v0.14.0-beta.8/go.mod h1:26KA24+OthhFh4rDtS7t7uY+PlobwzkUwLpkbWgNGAU=
github.com/perses/plugins/timeserieschart v0.14.0-beta.8.0.20261007133836-f6cad5797c91 h1:NPQ6+7NmRfdqUCzw4C0NIVh9pWlyu1DHjCU/4YPN+g0=
github.com/perses/plugins/timeserieschart v0.14.0-beta.8.0.20261007133836-f6cad5797c91/go.mod h1:AzWYeaUPkBxl7jOyUecmu/G058QAjjgEnNK2AqCPudE=
github.com/perses/spec v0.2.0 h1:m/cdXVErAfjDft+dfxkfL+63Z+ggJ0sY08Wg7Q9Ruzk=
github.com/perses/spec v0.2.0/go.mod h1:fyW8gFeaTXbF2TaE0N+iWrHtC7UZiRcT13qo+Y0ZEJM=
github.com/perses/spec v0.3.0-beta.10 h1:DWqHHP3TIq0ekDZpdK6lqV394K6tWC5ZdYq1nO25spw=
github.com/perses/spec v0.3.0-beta.10/go.mod h1:p08A4KJtH/7yP/nWdf7As/l0RE74kTYLKIP/8mvqC9E=
github.com/prometheus/client_golang v1.23.2 h1:Je96obch5RDVy3FDMndoUsjAhG5Edi49h0RJWRi/o0o=
github.com/prometheus/client_golang v1.23.2/go.mod h1:Tb1a6LWHB3/SPIzCoaDXI4I8UHKeFTEQ1YCr+0Gyqmg=
github.com/prometheus/client_golang v1.24.1 h1:JnJkREXzWxUdCuPFpIWZiPispT9xVV59uiuyR2bPlnU=
github.com/prometheus/client_golang v1.24.1/go.mod h1:F+oSRECHg4sse5ucfYpYDeIv/hu68Zo0uoHKetWnzcE=
github.com/prometheus/client_model v0.6.2 h1:oBsgwpGs7iVziMvrGhE53c/GrLUsZdHnqNwqPLxwZyk=
github.com/prometheus/client_model v0.6.2/go.mod h1:y3m2F6Gdpfy6Ut/GBsUqTWZqCUvMVzSfMLjcu6wAwpE=
github.com/prometheus/client_model v0.6.3 h1:O0jaTVAYNxTHYInEPFJt5I3+sN8zqBtVMPTB1qyxiEo=
github.com/prometheus/client_model v0.6.3/go.mod h1:gpN5P9S7Rr6Yr92PiQ+Ixvhf6JZEkF1dnxsYL2aPBEM=
github.com/prometheus/common v0.70.0 h1:bcpru3tWPVnxGnETLgOV5jbp/JRXgYEyv65CuBLAMMI=
github.com/prometheus/common v0.70.0/go.mod h1:S/SFasQmgGiYH6C81LKCtYa8QACgthGg5zxL2udV7SY=
github.com/prometheus/common v0.72.0 h1:tAYsE+sPJxIncDAobm4H5aQjmox9ZxEIIqPbiffa8G4=
github.com/prometheus/common v0.72.0/go.mod h1:77NWqAQ2tXT7BIK40qjJdw5Acrsrg1TlHAnsQi3i6mk=
github.com/prometheus/procfs v0.21.0 h1:Qh/e6TlBjZf+XLLqNCqFGmCU6Kj/2Bu7kj3oAc0UnXc=
github.com/prometheus/procfs v0.21.0/go.mod h1:aB55Cww9pdSJVHk0hUf0inxWyyjPogFIjmHKYgMKmtY=
github.com/prometheus/procfs v0.21.1 h1:GljZCt+zSTS+NZq88cyQ1LjZ+RCHp3uVuabBWA5+OJI=
github.com/prometheus/procfs v0.21.1/go.mod h1:aB55Cww9pdSJVHk0hUf0inxWyyjPogFIjmHKYgMKmtY=
github.com/rogpeppe/go-internal v1.15.0 h1:D0RCU5rMAp+SpgkiNdrjfJ+LX4J1M32V2NeCY7EJ6hc=
github.com/rogpeppe/go-internal v1.15.0/go.mod h1:DrUVZyrJU+txYW5/1kwtXQSMFio52ZOxX7yM1VHvnxs=
github.com/stretchr/testify v1.12.1 h1:EuwCh5fleGS7H32xRwO3wRGT7DxrDhLAT6FF8MpWDWE=
github.com/stretchr/testify v1.12.1/go.mod h1:MDEgiDPPsNp5cuIrHPPCyornHKgEVbtFUmoNlxoYthg=
github.com/zitadel/oidc/v3 v3.48.1 h1:7uUWccuPbmwSLmmjFRFayWzqK7B8itjM8H8bBSTyr7Q=
github.com/zitadel/oidc/v3 v3.48.1/go.mod h1:HwoguOGo0eem0RK5Gb+P6Q4aQLVinJ9LhomlVEA57ck=
github.com/zitadel/oidc/v3 v3.51.10 h1:T25zVbBFJwhMIv9eH6aWJW54rUUrdE1iQl8Z9ByTw6U=
github.com/zitadel/oidc/v3 v3.51.10/go.mod h1:yqb3jGISsGVoZ9rU3AjG3CwtJ2WewSptbisqQuA8Shc=
github.com/zitadel/schema v1.3.2 h1:gfJvt7dOMfTmxzhscZ9KkapKo3Nei3B6cAxjav+lyjI=
github.com/zitadel/schema v1.3.2/go.mod h1:IZmdfF9Wu62Zu6tJJTH3UsArevs3Y4smfJIj3L8fzxw=
go.uber.org/goleak v1.3.0 h1:2K3zAYmnTNqV73imy9J1T3WC+gmCePx2hEGkimedGto=
go.uber.org/goleak v1.3.0/go.mod h1:CoHD4mav9JJNrW/WLlf7HGZPjdw8EucARQHekz1X6bE=
go.yaml.in/yaml/v2 v2.4.4 h1:tuyd0P+2Ont/d6e2rl3be67goVK4R6deVxCUX5vyPaQ=
go.yaml.in/yaml/v2 v2.4.4/go.mod h1:gMZqIpDtDqOfM0uNfy0SkpRhvUryYH0Z6wdMYcacYXQ=
go.yaml.in/yaml/v3 v3.0.5 h1:N6y/pJk8buWs9NY5ERU2HSMfm+IuD/OtfdAnq6kESPw=
go.yaml.in/yaml/v3 v3.0.5/go.mod h1:HVTZu1O7/Vkt2N+BFy8Zza+lnLsABggaTM2ZpNIGuKg=
golang.org/x/net v0.56.0 h1:Rw8j/hFzGvJUZwNBXnAtf5sVDVt+65SK2C7IxCxZt5o=
golang.org/x/net v0.56.0/go.mod h1:D3Ku6r+V6JROoZK144D2XfMHFcMq/0zSfLelVTCFKec=
golang.org/x/net v0.59.0 h1:5zfYln+w5XCxwrnMMJPufRgNoXEaGxl0wo5GqPXyues=
golang.org/x/net v0.59.0/go.mod h1:2DA/G1UfVbCpQPeWTmMPGY7Cs2PkBkwu743bVX5PIVg=
golang.org/x/oauth2 v0.36.0 h1:peZ/1z27fi9hUOFCAZaHyrpWG5lwe0RJEEEeH0ThlIs=
golang.org/x/oauth2 v0.36.0/go.mod h1:YDBUJMTkDnJS+A4BP4eZBjCqtokkg1hODuPjwiGPO7Q=
golang.org/x/oauth2 v0.37.0 h1:JUlcxA8oAtauLfiH8FX2/FkAWHAdi0QtGCGc+hofE98=
golang.org/x/oauth2 v0.37.0/go.mod h1:IxwZNxUULJmpBFf9K/9NTMSIfZZuvuTy1gGxhigP/58=
golang.org/x/sys v0.47.0 h1:o7XGOvZQCADBQQ4Y7VNq2dRWQR7JmOUW8Kxx4ZsNgWs=
golang.org/x/sys v0.47.0/go.mod h1:4GL1E5IUh+htKOUEOaiffhrAeqysfVGipDYzABqnCmw=
golang.org/x/sys v0.48.0 h1:bbX/i/6MgT9BVLM9RT1thmxL04yeTAhbEz4SyadbXoo=
golang.org/x/sys v0.48.0/go.mod h1:hNLxWAXmnKAxqDtdwIYC4bM9oQPEecfsnNMuSxOs3og=
golang.org/x/text v0.40.0 h1:Ub2Z6/xjgF1WrYQz2nuITOEegKFtiIy+rieRJ5lHZKs=
golang.org/x/text v0.40.0/go.mod h1:hpnzDAfGV753zIKo+wk3u1bVKCGPbrnF7+7LBF/UHVY=
golang.org/x/text v0.42.0 h1:JbOZXgfeCPU9gacVtYliJqOhD+zhrEqK4LfdpmlUZqI=
golang.org/x/text v0.42.0/go.mod h1:ojzP1Z+2QtioaF8DTtO8K5q7JWVVYwZKenzujK0Zd0E=
google.golang.org/protobuf v1.36.12-0.20260120151049-f2248ac996af h1:+5/Sw3GsDNlEmu7TfklWKPdQ0Ykja5VEmq2i817+jbI=
google.golang.org/protobuf v1.36.12-0.20260120151049-f2248ac996af/go.mod h1:HTf+CrKn2C3g5S8VImy6tdcUvCska2kB7j23XfzDpco=
google.golang.org/protobuf v1.36.12 h1:pJOKDDOyeXErUroCihFAd5LQuwXBSpVnKGrj5o/fwxc=
google.golang.org/protobuf v1.36.12/go.mod h1:HTf+CrKn2C3g5S8VImy6tdcUvCska2kB7j23XfzDpco=
gopkg.in/check.v1 v0.0.0-20161208181325-20d25e280405/go.mod h1:Co6ibVJAznAaIkqp8huTwlJQCZ016jof/cbN4VW5Yz0=
gopkg.in/check.v1 v1.0.0-20201130134442-10cb98267c6c h1:Hei/4ADfdWqJk1ZMxUNpqntNwaWcugrBjAiHlqqRiVk=
gopkg.in/check.v1 v1.0.0-20201130134442-10cb98267c6c/go.mod h1:JHkPIbrfpd72SG/EVd6muEfDQjcINNoR0C8j2r3qZ4Q=
gopkg.in/yaml.v3 v3.0.1 h1:fxVm/GzAzEWqLHuvctI91KS9hhNmmWOoWu0XTYJS7CA=
gopkg.in/yaml.v3 v3.0.1/go.mod h1:K4uyk7z7BCEPqu6E+C64Yfv1cQ7kz7rIZviUmN+EgEM=
